
Microsoft Visual Studio Solution File, Format Version 12.00
# Visual Studio Version 17
VisualStudioVersion = 17.14.36811.4 d17.14
MinimumVisualStudioVersion = 10.0.40219.1
Project("{FAE04EC0-301F-11D3-BF4B-00C04F79EFBC}") = "ClassLibrary", "ClassLibrary\ClassLibrary.csproj", "{477418F0-3785-401A-84C3-884363161523}"
EndProject
Project("{FAE04EC0-301F-11D3-BF4B-00C04F79EFBC}") = "ConsoleApp", "ConsoleApp\ConsoleApp.csproj", "{4C63F17D-3C39-48D2-B44C-FAB9110890AA}"
EndProject
Project("{FAE04EC0-301F-11D3-BF4B-00C04F79EFBC}") = "WebApp", "WebApp\WebApp.csproj", "{E21E1AB1-2664-4120-8451-41B00602E431}"
EndProject
Global
	GlobalSection(SolutionConfigurationPlatforms) = preSolution
		Debug|Any CPU = Debug|Any CPU
		Release|Any CPU = Release|Any CPU
	EndGlobalSection
	GlobalSection(ProjectConfigurationPlatforms) = postSolution
		{477418F0-3785-401A-84C3-884363161523}.Debug|Any CPU.ActiveCfg = Debug|Any CPU
		{477418F0-3785-401A-84C3-884363161523}.Debug|Any CPU.Build.0 = Debug|Any CPU
		{477418F0-3785-401A-84C3-884363161523}.Release|Any CPU.ActiveCfg = Release|Any CPU
		{477418F0-3785-401A-84C3-884363161523}.Release|Any CPU.Build.0 = Release|Any CPU
		{4C63F17D-3C39-48D2-B44C-FAB9110890AA}.Debug|Any CPU.ActiveCfg = Debug|Any CPU
		{4C63F17D-3C39-48D2-B44C-FAB9110890AA}.Debug|Any CPU.Build.0 = Debug|Any CPU
		{4C63F17D-3C39-48D2-B44C-FAB9110890AA}.Release|Any CPU.ActiveCfg = Release|Any CPU
		{4C63F17D-3C39-48D2-B44C-FAB9110890AA}.Release|Any CPU.Build.0 = Release|Any CPU
		{E21E1AB1-2664-4120-8451-41B00602E431}.Debug|Any CPU.ActiveCfg = Debug|Any CPU
		{E21E1AB1-2664-4120-8451-41B00602E431}.Debug|Any CPU.Build.0 = Debug|Any CPU
		{E21E1AB1-2664-4120-8451-41B00602E431}.Release|Any CPU.ActiveCfg = Release|Any CPU
		{E21E1AB1-2664-4120-8451-41B00602E431}.Release|Any CPU.Build.0 = Release|Any CPU
	EndGlobalSection
	GlobalSection(SolutionProperties) = preSolution
		HideSolutionNode = FALSE
	EndGlobalSection
	GlobalSection(ExtensibilityGlobals) = postSolution
		SolutionGuid = {C8DC705A-499B-4807-96C9-41E048A14908}
	EndGlobalSection
EndGlobal
